{
  "nodes": {
    "nixpkgs": {
      "locked": {
        "lastModified": 1747091784,
        "narHash": "sha256-/2jlDI5+DfAbxdluamyRsORHueBYUiQh+aK/kshSvmE=",
        "owner": "NixOS",
        "repo": "nixpkgs",
        "rev": "2e1da60850ce8159db9654a969c2c683f41c18b5",
        "type": "github"
      },
      "original": {
        "owner": "NixOS",
        "ref": "nixpkgs-unstable",
        "repo": "nixpkgs",
        "type": "github"
      }
    },
    "root": {
      "inputs": {
        "nixpkgs": "nixpkgs"
      }
    }
  },
  "root": "root",
  "version": 7
}
